// !$*UTF8*$!
{
	archiveVersion = 1;
	classes = {
	};
	objectVersion = 48;
	objects = {

/* Begin PBXBuildFile section */
		055F9FE12EDEF22FF260B6E2 /* Pods_PaytmDemoTests.framework in Frameworks */ = {isa = PBXBuildFile; fileRef = DC54F3B8F1601926E00D3CEA /* Pods_PaytmDemoTests.framework */; };
		2DC25A4D2045666A00FCDF80 /* SystemConfiguration.framework in Frameworks */ = {isa = PBXBuildFile; fileRef = 2DC25A4C2045666A00FCDF80 /* SystemConfiguration.framework */; };
		2DEDE79C2045582A00B0366A /* AppDelegate.swift in Sources */ = {isa = PBXBuildFile; fileRef = 2DEDE79B2045582A00B0366A /* AppDelegate.swift */; };
		2DEDE79E2045582A00B0366A /* ViewController.swift in Sources */ = {isa = PBXBuildFile; fileRef = 2DEDE79D2045582A00B0366A /* ViewController.swift */; };
		2DEDE7A12045582A00B0366A /* Main.storyboard in Resources */ = {isa = PBXBuildFile; fileRef = 2DEDE79F2045582A00B0366A /* Main.storyboard */; };
		2DEDE7A32045582A00B0366A /* Assets.xcassets in Resources */ = {isa = PBXBuildFile; fileRef = 2DEDE7A22045582A00B0366A /* Assets.xcassets */; };
		2DEDE7A62045582A00B0366A /* LaunchScreen.storyboard in Resources */ = {isa = PBXBuildFile; fileRef = 2DEDE7A42045582A00B0366A /* LaunchScreen.storyboard */; };
		2DEDE7B12045582A00B0366A /* PaytmDemoTests.swift in Sources */ = {isa = PBXBuildFile; fileRef = 2DEDE7B02045582A00B0366A /* PaytmDemoTests.swift */; };
		2DEDE7BC2045582A00B0366A /* PaytmDemoUITests.swift in Sources */ = {isa = PBXBuildFile; fileRef = 2DEDE7BB2045582A00B0366A /* PaytmDemoUITests.swift */; };
		605C2024A52C95E62C9B5A1C /* Pods_PaytmDemoUITests.framework in Frameworks */ = {isa = PBXBuildFile; fileRef = A2989418D5DA6DD0A92BFCF7 /* Pods_PaytmDemoUITests.framework */; };
		8817276270E0AADBCF9A20C3 /* Pods_PaytmDemo.framework in Frameworks */ = {isa = PBXBuildFile; fileRef = 17F8910DE84C253EC65B2FB0 /* Pods_PaytmDemo.framework */; settings = {ATTRIBUTES = (Required, ); }; };
/* End PBXBuildFile section */

/* Begin PBXContainerItemProxy section */
		2DEDE7AD2045582A00B0366A /* PBXContainerItemProxy */ = {
			isa = PBXContainerItemProxy;
			containerPortal = 2DEDE7902045582A00B0366A /* Project object */;
			proxyType = 1;
			remoteGlobalIDString = 2DEDE7972045582A00B0366A;
			remoteInfo = PaytmDemo;
		};
		2DEDE7B82045582A00B0366A /* PBXContainerItemProxy */ = {
			isa = PBXContainerItemProxy;
			containerPortal = 2DEDE7902045582A00B0366A /* Project object */;
			proxyType = 1;
			remoteGlobalIDString = 2DEDE7972045582A00B0366A;
			remoteInfo = PaytmDemo;
		};
/* End PBXContainerItemProxy section */

/* Begin PBXFileReference section */
		17F8910DE84C253EC65B2FB0 /* Pods_PaytmDemo.framework */ = {isa = PBXFileReference; explicitFileType = wrapper.framework; includeInIndex = 0; path = Pods_PaytmDemo.framework; sourceTree = BUILT_PRODUCTS_DIR; };
		2D135F752048045E0017D113 /* PaytmDemo.entitlements */ = {isa = PBXFileReference; lastKnownFileType = text.plist.entitlements; path = PaytmDemo.entitlements; sourceTree = "<group>"; };
		2DC25A4920455E0700FCDF80 /* PaytmDemo-Bridging-Header.h */ = {isa = PBXFileReference; lastKnownFileType = sourcecode.c.h; path = "PaytmDemo-Bridging-Header.h"; sourceTree = "<group>"; };
		2DC25A4C2045666A00FCDF80 /* SystemConfiguration.framework */ = {isa = PBXFileReference; lastKnownFileType = wrapper.framework; name = SystemConfiguration.framework; path = System/Library/Frameworks/SystemConfiguration.framework; sourceTree = SDKROOT; };
		2DEDE7982045582A00B0366A /* PaytmDemo.app */ = {isa = PBXFileReference; explicitFileType = wrapper.application; includeInIndex = 0; path = PaytmDemo.app; sourceTree = BUILT_PRODUCTS_DIR; };
		2DEDE79B2045582A00B0366A /* AppDelegate.swift */ = {isa = PBXFileReference; lastKnownFileType = sourcecode.swift; path = AppDelegate.swift; sourceTree = "<group>"; };
		2DEDE79D2045582A00B0366A /* ViewController.swift */ = {isa = PBXFileReference; lastKnownFileType = sourcecode.swift; path = ViewController.swift; sourceTree = "<group>"; };
		2DEDE7A02045582A00B0366A /* Base */ = {isa = PBXFileReference; lastKnownFileType = file.storyboard; name = Base; path = Base.lproj/Main.storyboard; sourceTree = "<group>"; };
		2DEDE7A22045582A00B0366A /* Assets.xcassets */ = {isa = PBXFileReference; lastKnownFileType = folder.assetcatalog; path = Assets.xcassets; sourceTree = "<group>"; };
		2DEDE7A52045582A00B0366A /* Base */ = {isa = PBXFileReference; lastKnownFileType = file.storyboard; name = Base; path = Base.lproj/LaunchScreen.storyboard; sourceTree = "<group>"; };
		2DEDE7A72045582A00B0366A /* Info.plist */ = {isa = PBXFileReference; lastKnownFileType = text.plist.xml; path = Info.plist; sourceTree = "<group>"; };
		2DEDE7AC2045582A00B0366A /* PaytmDemoTests.xctest */ = {isa = PBXFileReference; explicitFileType = wrapper.cfbundle; includeInIndex = 0; path = PaytmDemoTests.xctest; sourceTree = BUILT_PRODUCTS_DIR; };
		2DEDE7B02045582A00B0366A /* PaytmDemoTests.swift */ = {isa = PBXFileReference; lastKnownFileType = sourcecode.swift; path = PaytmDemoTests.swift; sourceTree = "<group>"; };
		2DEDE7B22045582A00B0366A /* Info.plist */ = {isa = PBXFileReference; lastKnownFileType = text.plist.xml; path = Info.plist; sourceTree = "<group>"; };
		2DEDE7B72045582A00B0366A /* PaytmDemoUITests.xctest */ = {isa = PBXFileReference; explicitFileType = wrapper.cfbundle; includeInIndex = 0; path = PaytmDemoUITests.xctest; sourceTree = BUILT_PRODUCTS_DIR; };
		2DEDE7BB2045582A00B0366A /* PaytmDemoUITests.swift */ = {isa = PBXFileReference; lastKnownFileType = sourcecode.swift; path = PaytmDemoUITests.swift; sourceTree = "<group>"; };
		2DEDE7BD2045582A00B0366A /* Info.plist */ = {isa = PBXFileReference; lastKnownFileType = text.plist.xml; path = Info.plist; sourceTree = "<group>"; };
		4CB31C4C79374F71DF1D944B /* Pods-PaytmDemoTests.release.xcconfig */ = {isa = PBXFileReference; includeInIndex = 1; lastKnownFileType = text.xcconfig; name = "Pods-PaytmDemoTests.release.xcconfig"; path = "Pods/Target Support Files/Pods-PaytmDemoTests/Pods-PaytmDemoTests.release.xcconfig"; sourceTree = "<group>"; };
		6DEB91F0A122F0BFF085EA24 /* Pods-PaytmDemo.debug.xcconfig */ = {isa = PBXFileReference; includeInIndex = 1; lastKnownFileType = text.xcconfig; name = "Pods-PaytmDemo.debug.xcconfig"; path = "Pods/Target Support Files/Pods-PaytmDemo/Pods-PaytmDemo.debug.xcconfig"; sourceTree = "<group>"; };
		94D3D8A32CAB70122EC82019 /* Pods-PaytmDemoUITests.release.xcconfig */ = {isa = PBXFileReference; includeInIndex = 1; lastKnownFileType = text.xcconfig; name = "Pods-PaytmDemoUITests.release.xcconfig"; path = "Pods/Target Support Files/Pods-PaytmDemoUITests/Pods-PaytmDemoUITests.release.xcconfig"; sourceTree = "<group>"; };
		A142BB0C7EE035C11CA97041 /* Pods-PaytmDemo.release.xcconfig */ = {isa = PBXFileReference; includeInIndex = 1; lastKnownFileType = text.xcconfig; name = "Pods-PaytmDemo.release.xcconfig"; path = "Pods/Target Support Files/Pods-PaytmDemo/Pods-PaytmDemo.release.xcconfig"; sourceTree = "<group>"; };
		A2989418D5DA6DD0A92BFCF7 /* Pods_PaytmDemoUITests.framework */ = {isa = PBXFileReference; explicitFileType = wrapper.framework; includeInIndex = 0; path = Pods_PaytmDemoUITests.framework; sourceTree = BUILT_PRODUCTS_DIR; };
		D25D7F85B52D96E90C2A0322 /* Pods-PaytmDemoTests.debug.xcconfig */ = {isa = PBXFileReference; includeInIndex = 1; lastKnownFileType = text.xcconfig; name = "Pods-PaytmDemoTests.debug.xcconfig"; path = "Pods/Target Support Files/Pods-PaytmDemoTests/Pods-PaytmDemoTests.debug.xcconfig"; sourceTree = "<group>"; };
		DC54F3B8F1601926E00D3CEA /* Pods_PaytmDemoTests.framework */ = {isa = PBXFileReference; explicitFileType = wrapper.framework; includeInIndex = 0; path = Pods_PaytmDemoTests.framework; sourceTree = BUILT_PRODUCTS_DIR; };
		FC807CD55D973E4F467C3F2B /* Pods-PaytmDemoUITests.debug.xcconfig */ = {isa = PBXFileReference; includeInIndex = 1; lastKnownFileType = text.xcconfig; name = "Pods-PaytmDemoUITests.debug.xcconfig"; path = "Pods/Target Support Files/Pods-PaytmDemoUITests/Pods-PaytmDemoUITests.debug.xcconfig"; sourceTree = "<group>"; };
/* End PBXFileReference section */

/* Begin PBXFrameworksBuildPhase section */
		2DEDE7952045582A00B0366A /* Frameworks */ = {
			isa = PBXFrameworksBuildPhase;
			buildActionMask = 2147483647;
			files = (
				2DC25A4D2045666A00FCDF80 /* SystemConfiguration.framework in Frameworks */,
				8817276270E0AADBCF9A20C3 /* Pods_PaytmDemo.framework in Frameworks */,
			);
			runOnlyForDeploymentPostprocessing = 0;
		};
		2DEDE7A92045582A00B0366A /* Frameworks */ = {
			isa = PBXFrameworksBuildPhase;
			buildActionMask = 2147483647;
			files = (
				055F9FE12EDEF22FF260B6E2 /* Pods_PaytmDemoTests.framework in Frameworks */,
			);
			runOnlyForDeploymentPostprocessing = 0;
		};
		2DEDE7B42045582A00B0366A /* Frameworks */ = {
			isa = PBXFrameworksBuildPhase;
			buildActionMask = 2147483647;
			files = (
				605C2024A52C95E62C9B5A1C /* Pods_PaytmDemoUITests.framework in Frameworks */,
			);
			runOnlyForDeploymentPostprocessing = 0;
		};
/* End PBXFrameworksBuildPhase section */

/* Begin PBXGroup section */
		2DEDE78F2045582A00B0366A = {
			isa = PBXGroup;
			children = (
				2DEDE79A2045582A00B0366A /* PaytmDemo */,
				2DEDE7AF2045582A00B0366A /* PaytmDemoTests */,
				2DEDE7BA2045582A00B0366A /* PaytmDemoUITests */,
				2DEDE7992045582A00B0366A /* Products */,
				81FB0A4CCEE5475B413658AD /* Pods */,
				AE2E8A4C1ABE911935978805 /* Frameworks */,
			);
			sourceTree = "<group>";
		};
		2DEDE7992045582A00B0366A /* Products */ = {
			isa = PBXGroup;
			children = (
				2DEDE7982045582A00B0366A /* PaytmDemo.app */,
				2DEDE7AC2045582A00B0366A /* PaytmDemoTests.xctest */,
				2DEDE7B72045582A00B0366A /* PaytmDemoUITests.xctest */,
			);
			name = Products;
			sourceTree = "<group>";
		};
		2DEDE79A2045582A00B0366A /* PaytmDemo */ = {
			isa = PBXGroup;
			children = (
				2D135F752048045E0017D113 /* PaytmDemo.entitlements */,
				2DEDE79B2045582A00B0366A /* AppDelegate.swift */,
				2DEDE79D2045582A00B0366A /* ViewController.swift */,
				2DEDE79F2045582A00B0366A /* Main.storyboard */,
				2DEDE7A22045582A00B0366A /* Assets.xcassets */,
				2DEDE7A42045582A00B0366A /* LaunchScreen.storyboard */,
				2DC25A4920455E0700FCDF80 /* PaytmDemo-Bridging-Header.h */,
				2DEDE7A72045582A00B0366A /* Info.plist */,
			);
			path = PaytmDemo;
			sourceTree = "<group>";
		};
		2DEDE7AF2045582A00B0366A /* PaytmDemoTests */ = {
			isa = PBXGroup;
			children = (
				2DEDE7B02045582A00B0366A /* PaytmDemoTests.swift */,
				2DEDE7B22045582A00B0366A /* Info.plist */,
			);
			path = PaytmDemoTests;
			sourceTree = "<group>";
		};
		2DEDE7BA2045582A00B0366A /* PaytmDemoUITests */ = {
			isa = PBXGroup;
			children = (
				2DEDE7BB2045582A00B0366A /* PaytmDemoUITests.swift */,
				2DEDE7BD2045582A00B0366A /* Info.plist */,
			);
			path = PaytmDemoUITests;
			sourceTree = "<group>";
		};
		81FB0A4CCEE5475B413658AD /* Pods */ = {
			isa = PBXGroup;
			children = (
				6DEB91F0A122F0BFF085EA24 /* Pods-PaytmDemo.debug.xcconfig */,
				A142BB0C7EE035C11CA97041 /* Pods-PaytmDemo.release.xcconfig */,
				D25D7F85B52D96E90C2A0322 /* Pods-PaytmDemoTests.debug.xcconfig */,
				4CB31C4C79374F71DF1D944B /* Pods-PaytmDemoTests.release.xcconfig */,
				FC807CD55D973E4F467C3F2B /* Pods-PaytmDemoUITests.debug.xcconfig */,
				94D3D8A32CAB70122EC82019 /* Pods-PaytmDemoUITests.release.xcconfig */,
			);
			name = Pods;
			sourceTree = "<group>";
		};
		AE2E8A4C1ABE911935978805 /* Frameworks */ = {
			isa = PBXGroup;
			children = (
				2DC25A4C2045666A00FCDF80 /* SystemConfiguration.framework */,
				17F8910DE84C253EC65B2FB0 /* Pods_PaytmDemo.framework */,
				DC54F3B8F1601926E00D3CEA /* Pods_PaytmDemoTests.framework */,
				A2989418D5DA6DD0A92BFCF7 /* Pods_PaytmDemoUITests.framework */,
			);
			name = Frameworks;
			sourceTree = "<group>";
		};
/* End PBXGroup section */

/* Begin PBXNativeTarget section */
		2DEDE7972045582A00B0366A /* PaytmDemo */ = {
			isa = PBXNativeTarget;
			buildConfigurationList = 2DEDE7C02045582A00B0366A /* Build configuration list for PBXNativeTarget "PaytmDemo" */;
			buildPhases = (
				A953C3696BA3F18F6B60A414 /* [CP] Check Pods Manifest.lock */,
				2DEDE7942045582A00B0366A /* Sources */,
				2DEDE7952045582A00B0366A /* Frameworks */,
				2DEDE7962045582A00B0366A /* Resources */,
				28E81981EA42B24F5CC198C9 /* [CP] Embed Pods Frameworks */,
				D7CA98D8B0B44F5324F092A8 /* [CP] Copy Pods Resources */,
			);
			buildRules = (
			);
			dependencies = (
			);
			name = PaytmDemo;
			productName = PaytmDemo;
			productReference = 2DEDE7982045582A00B0366A /* PaytmDemo.app */;
			productType = "com.apple.product-type.application";
		};
		2DEDE7AB2045582A00B0366A /* PaytmDemoTests */ = {
			isa = PBXNativeTarget;
			buildConfigurationList = 2DEDE7C32045582A00B0366A /* Build configuration list for PBXNativeTarget "PaytmDemoTests" */;
			buildPhases = (
				1DA989F15A916A6CEAD1937A /* [CP] Check Pods Manifest.lock */,
				2DEDE7A82045582A00B0366A /* Sources */,
				2DEDE7A92045582A00B0366A /* Frameworks */,
				2DEDE7AA2045582A00B0366A /* Resources */,
				6797CA2F4E5FB11AFD7E9094 /* [CP] Embed Pods Frameworks */,
				627789E197CE31A32F0647D1 /* [CP] Copy Pods Resources */,
			);
			buildRules = (
			);
			dependencies = (
				2DEDE7AE2045582A00B0366A /* PBXTargetDependency */,
			);
			name = PaytmDemoTests;
			productName = PaytmDemoTests;
			productReference = 2DEDE7AC2045582A00B0366A /* PaytmDemoTests.xctest */;
			productType = "com.apple.product-type.bundle.unit-test";
		};
		2DEDE7B62045582A00B0366A /* PaytmDemoUITests */ = {
			isa = PBXNativeTarget;
			buildConfigurationList = 2DEDE7C62045582A00B0366A /* Build configuration list for PBXNativeTarget "PaytmDemoUITests" */;
			buildPhases = (
				01887C607BAC30F52E79C61B /* [CP] Check Pods Manifest.lock */,
				2DEDE7B32045582A00B0366A /* Sources */,
				2DEDE7B42045582A00B0366A /* Frameworks */,
				2DEDE7B52045582A00B0366A /* Resources */,
				0AD0A14193CC809C29652EA3 /* [CP] Embed Pods Frameworks */,
				4C33820B898773DB1986C0CC /* [CP] Copy Pods Resources */,
			);
			buildRules = (
			);
			dependencies = (
				2DEDE7B92045582A00B0366A /* PBXTargetDependency */,
			);
			name = PaytmDemoUITests;
			productName = PaytmDemoUITests;
			productReference = 2DEDE7B72045582A00B0366A /* PaytmDemoUITests.xctest */;
			productType = "com.apple.product-type.bundle.ui-testing";
		};
/* End PBXNativeTarget section */

/* Begin PBXProject section */
		2DEDE7902045582A00B0366A /* Project object */ = {
			isa = PBXProject;
			attributes = {
				LastSwiftUpdateCheck = 0920;
				LastUpgradeCheck = 0920;
				ORGANIZATIONNAME = "APPLE MAC MINI";
				TargetAttributes = {
					2DEDE7972045582A00B0366A = {
						CreatedOnToolsVersion = 9.2;
						LastSwiftMigration = 0920;
						ProvisioningStyle = Automatic;
						SystemCapabilities = {
							com.apple.ApplePay = {
								enabled = 0;
							};
							com.apple.BackgroundModes = {
								enabled = 0;
							};
						};
					};
					2DEDE7AB2045582A00B0366A = {
						CreatedOnToolsVersion = 9.2;
						ProvisioningStyle = Automatic;
						TestTargetID = 2DEDE7972045582A00B0366A;
					};
					2DEDE7B62045582A00B0366A = {
						CreatedOnToolsVersion = 9.2;
						ProvisioningStyle = Automatic;
						TestTargetID = 2DEDE7972045582A00B0366A;
					};
				};
			};
			buildConfigurationList = 2DEDE7932045582A00B0366A /* Build configuration list for PBXProject "PaytmDemo" */;
			compatibilityVersion = "Xcode 8.0";
			developmentRegion = en;
			hasScannedForEncodings = 0;
			knownRegions = (
				en,
				Base,
			);
			mainGroup = 2DEDE78F2045582A00B0366A;
			productRefGroup = 2DEDE7992045582A00B0366A /* Products */;
			projectDirPath = "";
			projectRoot = "";
			targets = (
				2DEDE7972045582A00B0366A /* PaytmDemo */,
				2DEDE7AB2045582A00B0366A /* PaytmDemoTests */,
				2DEDE7B62045582A00B0366A /* PaytmDemoUITests */,
			);
		};
/* End PBXProject section */

/* Begin PBXResourcesBuildPhase section */
		2DEDE7962045582A00B0366A /* Resources */ = {
			isa = PBXResourcesBuildPhase;
			buildActionMask = 2147483647;
			files = (
				2DEDE7A62045582A00B0366A /* LaunchScreen.storyboard in Resources */,
				2DEDE7A32045582A00B0366A /* Assets.xcassets in Resources */,
				2DEDE7A12045582A00B0366A /* Main.storyboard in Resources */,
			);
			runOnlyForDeploymentPostprocessing = 0;
		};
		2DEDE7AA2045582A00B0366A /* Resources */ = {
			isa = PBXResourcesBuildPhase;
			buildActionMask = 2147483647;
			files = (
			);
			runOnlyForDeploymentPostprocessing = 0;
		};
		2DEDE7B52045582A00B0366A /* Resources */ = {
			isa = PBXResourcesBuildPhase;
			buildActionMask = 2147483647;
			files = (
			);
			runOnlyForDeploymentPostprocessing = 0;
		};
/* End PBXResourcesBuildPhase section */

/* Begin PBXShellScriptBuildPhase section */
		01887C607BAC30F52E79C61B /* [CP] Check Pods Manifest.lock */ = {
			isa = PBXShellScriptBuildPhase;
			buildActionMask = 2147483647;
			files = (
			);
			inputPaths = (
				"${PODS_PODFILE_DIR_PATH}/Podfile.lock",
				"${PODS_ROOT}/Manifest.lock",
			);
			name = "[CP] Check Pods Manifest.lock";
			outputPaths = (
				"$(DERIVED_FILE_DIR)/Pods-PaytmDemoUITests-checkManifestLockResult.txt",
			);
			runOnlyForDeploymentPostprocessing = 0;
			shellPath = /bin/sh;
			shellScript = "diff \"${PODS_PODFILE_DIR_PATH}/Podfile.lock\" \"${PODS_ROOT}/Manifest.lock\" > /dev/null\nif [ $? != 0 ] ; then\n    # print error to STDERR\n    echo \"error: The sandbox is not in sync with the Podfile.lock. Run 'pod install' or update your CocoaPods installation.\" >&2\n    exit 1\nfi\n# This output is used by Xcode 'outputs' to avoid re-running this script phase.\necho \"SUCCESS\" > \"${SCRIPT_OUTPUT_FILE_0}\"\n";
			showEnvVarsInLog = 0;
		};
		0AD0A14193CC809C29652EA3 /* [CP] Embed Pods Frameworks */ = {
			isa = PBXShellScriptBuildPhase;
			buildActionMask = 2147483647;
			files = (
			);
			inputPaths = (
			);
			name = "[CP] Embed Pods Frameworks";
			outputPaths = (
			);
			runOnlyForDeploymentPostprocessing = 0;
			shellPath = /bin/sh;
			shellScript = "\"${SRCROOT}/Pods/Target Support Files/Pods-PaytmDemoUITests/Pods-PaytmDemoUITests-frameworks.sh\"\n";
			showEnvVarsInLog = 0;
		};
		1DA989F15A916A6CEAD1937A /* [CP] Check Pods Manifest.lock */ = {
			isa = PBXShellScriptBuildPhase;
			buildActionMask = 2147483647;
			files = (
			);
			inputPaths = (
				"${PODS_PODFILE_DIR_PATH}/Podfile.lock",
				"${PODS_ROOT}/Manifest.lock",
			);
			name = "[CP] Check Pods Manifest.lock";
			outputPaths = (
				"$(DERIVED_FILE_DIR)/Pods-PaytmDemoTests-checkManifestLockResult.txt",
			);
			runOnlyForDeploymentPostprocessing = 0;
			shellPath = /bin/sh;
			shellScript = "diff \"${PODS_PODFILE_DIR_PATH}/Podfile.lock\" \"${PODS_ROOT}/Manifest.lock\" > /dev/null\nif [ $? != 0 ] ; then\n    # print error to STDERR\n    echo \"error: The sandbox is not in sync with the Podfile.lock. Run 'pod install' or update your CocoaPods installation.\" >&2\n    exit 1\nfi\n# This output is used by Xcode 'outputs' to avoid re-running this script phase.\necho \"SUCCESS\" > \"${SCRIPT_OUTPUT_FILE_0}\"\n";
			showEnvVarsInLog = 0;
		};
		28E81981EA42B24F5CC198C9 /* [CP] Embed Pods Frameworks */ = {
			isa = PBXShellScriptBuildPhase;
			buildActionMask = 2147483647;
			files = (
			);
			inputPaths = (
				"${SRCROOT}/Pods/Target Support Files/Pods-PaytmDemo/Pods-PaytmDemo-frameworks.sh",
				"${BUILT_PRODUCTS_DIR}/Alamofire/Alamofire.framework",
				"${BUILT_PRODUCTS_DIR}/SwiftyJSON/SwiftyJSON.framework",
			);
			name = "[CP] Embed Pods Frameworks";
			outputPaths = (
				"${TARGET_BUILD_DIR}/${FRAMEWORKS_FOLDER_PATH}/Alamofire.framework",
				"${TARGET_BUILD_DIR}/${FRAMEWORKS_FOLDER_PATH}/SwiftyJSON.framework",
			);
			runOnlyForDeploymentPostprocessing = 0;
			shellPath = /bin/sh;
			shellScript = "\"${SRCROOT}/Pods/Target Support Files/Pods-PaytmDemo/Pods-PaytmDemo-frameworks.sh\"\n";
			showEnvVarsInLog = 0;
		};
		4C33820B898773DB1986C0CC /* [CP] Copy Pods Resources */ = {
			isa = PBXShellScriptBuildPhase;
			buildActionMask = 2147483647;
			files = (
			);
			inputPaths = (
			);
			name = "[CP] Copy Pods Resources";
			outputPaths = (
			);
			runOnlyForDeploymentPostprocessing = 0;
			shellPath = /bin/sh;
			shellScript = "\"${SRCROOT}/Pods/Target Support Files/Pods-PaytmDemoUITests/Pods-PaytmDemoUITests-resources.sh\"\n";
			showEnvVarsInLog = 0;
		};
		627789E197CE31A32F0647D1 /* [CP] Copy Pods Resources */ = {
			isa = PBXShellScriptBuildPhase;
			buildActionMask = 2147483647;
			files = (
			);
			inputPaths = (
			);
			name = "[CP] Copy Pods Resources";
			outputPaths = (
			);
			runOnlyForDeploymentPostprocessing = 0;
			shellPath = /bin/sh;
			shellScript = "\"${SRCROOT}/Pods/Target Support Files/Pods-PaytmDemoTests/Pods-PaytmDemoTests-resources.sh\"\n";
			showEnvVarsInLog = 0;
		};
		6797CA2F4E5FB11AFD7E9094 /* [CP] Embed Pods Frameworks */ = {
			isa = PBXShellScriptBuildPhase;
			buildActionMask = 2147483647;
			files = (
			);
			inputPaths = (
			);
			name = "[CP] Embed Pods Frameworks";
			outputPaths = (
			);
			runOnlyForDeploymentPostprocessing = 0;
			shellPath = /bin/sh;
			shellScript = "\"${SRCROOT}/Pods/Target Support Files/Pods-PaytmDemoTests/Pods-PaytmDemoTests-frameworks.sh\"\n";
			showEnvVarsInLog = 0;
		};
		A953C3696BA3F18F6B60A414 /* [CP] Check Pods Manifest.lock */ = {
			isa = PBXShellScriptBuildPhase;
			buildActionMask = 2147483647;
			files = (
			);
			inputPaths = (
				"${PODS_PODFILE_DIR_PATH}/Podfile.lock",
				"${PODS_ROOT}/Manifest.lock",
			);
			name = "[CP] Check Pods Manifest.lock";
			outputPaths = (
				"$(DERIVED_FILE_DIR)/Pods-PaytmDemo-checkManifestLockResult.txt",
			);
			runOnlyForDeploymentPostprocessing = 0;
			shellPath = /bin/sh;
			shellScript = "diff \"${PODS_PODFILE_DIR_PATH}/Podfile.lock\" \"${PODS_ROOT}/Manifest.lock\" > /dev/null\nif [ $? != 0 ] ; then\n    # print error to STDERR\n    echo \"error: The sandbox is not in sync with the Podfile.lock. Run 'pod install' or update your CocoaPods installation.\" >&2\n    exit 1\nfi\n# This output is used by Xcode 'outputs' to avoid re-running this script phase.\necho \"SUCCESS\" > \"${SCRIPT_OUTPUT_FILE_0}\"\n";
			showEnvVarsInLog = 0;
		};
		D7CA98D8B0B44F5324F092A8 /* [CP] Copy Pods Resources */ = {
			isa = PBXShellScriptBuildPhase;
			buildActionMask = 2147483647;
			files = (
			);
			inputPaths = (
				"${SRCROOT}/Pods/Target Support Files/Pods-PaytmDemo/Pods-PaytmDemo-resources.sh",
				"${PODS_ROOT}/Paytm-Payments/Paytm/libPaymentsSDK.a",
			);
			name = "[CP] Copy Pods Resources";
			outputPaths = (
				"${TARGET_BUILD_DIR}/${UNLOCALIZED_RESOURCES_FOLDER_PATH}",
			);
			runOnlyForDeploymentPostprocessing = 0;
			shellPath = /bin/sh;
			shellScript = "\"${SRCROOT}/Pods/Target Support Files/Pods-PaytmDemo/Pods-PaytmDemo-resources.sh\"\n";
			showEnvVarsInLog = 0;
		};
/* End PBXShellScriptBuildPhase section */

/* Begin PBXSourcesBuildPhase section */
		2DEDE7942045582A00B0366A /* Sources */ = {
			isa = PBXSourcesBuildPhase;
			buildActionMask = 2147483647;
			files = (
				2DEDE79E2045582A00B0366A /* ViewController.swift in Sources */,
				2DEDE79C2045582A00B0366A /* AppDelegate.swift in Sources */,
			);
			runOnlyForDeploymentPostprocessing = 0;
		};
		2DEDE7A82045582A00B0366A /* Sources */ = {
			isa = PBXSourcesBuildPhase;
			buildActionMask = 2147483647;
			files = (
				2DEDE7B12045582A00B0366A /* PaytmDemoTests.swift in Sources */,
			);
			runOnlyForDeploymentPostprocessing = 0;
		};
		2DEDE7B32045582A00B0366A /* Sources */ = {
			isa = PBXSourcesBuildPhase;
			buildActionMask = 2147483647;
			files = (
				2DEDE7BC2045582A00B0366A /* PaytmDemoUITests.swift in Sources */,
			);
			runOnlyForDeploymentPostprocessing = 0;
		};
/* End PBXSourcesBuildPhase section */

/* Begin PBXTargetDependency section */
		2DEDE7AE2045582A00B0366A /* PBXTargetDependency */ = {
			isa = PBXTargetDependency;
			target = 2DEDE7972045582A00B0366A /* PaytmDemo */;
			targetProxy = 2DEDE7AD2045582A00B0366A /* PBXContainerItemProxy */;
		};
		2DEDE7B92045582A00B0366A /* PBXTargetDependency */ = {
			isa = PBXTargetDependency;
			target = 2DEDE7972045582A00B0366A /* PaytmDemo */;
			targetProxy = 2DEDE7B82045582A00B0366A /* PBXContainerItemProxy */;
		};
/* End PBXTargetDependency section */

/* Begin PBXVariantGroup section */
		2DEDE79F2045582A00B0366A /* Main.storyboard */ = {
			isa = PBXVariantGroup;
			children = (
				2DEDE7A02045582A00B0366A /* Base */,
			);
			name = Main.storyboard;
			sourceTree = "<group>";
		};
		2DEDE7A42045582A00B0366A /* LaunchScreen.storyboard */ = {
			isa = PBXVariantGroup;
			children = (
				2DEDE7A52045582A00B0366A /* Base */,
			);
			name = LaunchScreen.storyboard;
			sourceTree = "<group>";
		};
/* End PBXVariantGroup section */

/* Begin XCBuildConfiguration section */
		2DEDE7BE2045582A00B0366A /* Debug */ = {
			isa = XCBuildConfiguration;
			buildSettings = {
				ALWAYS_SEARCH_USER_PATHS = NO;
				CLANG_ANALYZER_NONNULL = YES;
				CLANG_ANALYZER_NUMBER_OBJECT_CONVERSION = YES_AGGRESSIVE;
				CLANG_CXX_LANGUAGE_STANDARD = "gnu++14";
				CLANG_CXX_LIBRARY = "libc++";
				CLANG_ENABLE_MODULES = YES;
				CLANG_ENABLE_OBJC_ARC = YES;
				CLANG_WARN_BLOCK_CAPTURE_AUTORELEASING = YES;
				CLANG_WARN_BOOL_CONVERSION = YES;
				CLANG_WARN_COMMA = YES;
				CLANG_WARN_CONSTANT_CONVERSION = YES;
				CLANG_WARN_DIRECT_OBJC_ISA_USAGE = YES_ERROR;
				CLANG_WARN_DOCUMENTATION_COMMENTS = YES;
				CLANG_WARN_EMPTY_BODY = YES;
				CLANG_WARN_ENUM_CONVERSION = YES;
				CLANG_WARN_INFINITE_RECURSION = YES;
				CLANG_WARN_INT_CONVERSION = YES;
				CLANG_WARN_NON_LITERAL_NULL_CONVERSION = YES;
				CLANG_WARN_OBJC_LITERAL_CONVERSION = YES;
				CLANG_WARN_OBJC_ROOT_CLASS = YES_ERROR;
				CLANG_WARN_RANGE_LOOP_ANALYSIS = YES;
				CLANG_WARN_STRICT_PROTOTYPES = YES;
				CLANG_WARN_SUSPICIOUS_MOVE = YES;
				CLANG_WARN_UNGUARDED_AVAILABILITY = YES_AGGRESSIVE;
				CLANG_WARN_UNREACHABLE_CODE = YES;
				CLANG_WARN__DUPLICATE_METHOD_MATCH = YES;
				CODE_SIGN_IDENTITY = "iPhone Developer";
				COPY_PHASE_STRIP = NO;
				DEBUG_INFORMATION_FORMAT = dwarf;
				ENABLE_BITCODE = NO;
				ENABLE_STRICT_OBJC_MSGSEND = YES;
				ENABLE_TESTABILITY = YES;
				GCC_C_LANGUAGE_STANDARD = gnu11;
				GCC_DYNAMIC_NO_PIC = NO;
				GCC_NO_COMMON_BLOCKS = YES;
				GCC_OPTIMIZATION_LEVEL = 0;
				GCC_PREPROCESSOR_DEFINITIONS = (
					"DEBUG=1",
					"$(inherited)",
				);
				GCC_WARN_64_TO_32_BIT_CONVERSION = YES;
				GCC_WARN_ABOUT_RETURN_TYPE = YES_ERROR;
				GCC_WARN_UNDECLARED_SELECTOR = YES;
				GCC_WARN_UNINITIALIZED_AUTOS = YES_AGGRESSIVE;
				GCC_WARN_UNUSED_FUNCTION = YES;
				GCC_WARN_UNUSED_VARIABLE = YES;
				IPHONEOS_DEPLOYMENT_TARGET = 11.2;
				MTL_ENABLE_DEBUG_INFO = YES;
				ONLY_ACTIVE_ARCH = YES;
				SDKROOT = iphoneos;
				SWIFT_ACTIVE_COMPILATION_CONDITIONS = DEBUG;
				SWIFT_OPTIMIZATION_LEVEL = "-Onone";
			};
			name = Debug;
		};
		2DEDE7BF2045582A00B0366A /* Release */ = {
			isa = XCBuildConfiguration;
			buildSettings = {
				ALWAYS_SEARCH_USER_PATHS = NO;
				CLANG_ANALYZER_NONNULL = YES;
				CLANG_ANALYZER_NUMBER_OBJECT_CONVERSION = YES_AGGRESSIVE;
				CLANG_CXX_LANGUAGE_STANDARD = "gnu++14";
				CLANG_CXX_LIBRARY = "libc++";
				CLANG_ENABLE_MODULES = YES;
				CLANG_ENABLE_OBJC_ARC = YES;
				CLANG_WARN_BLOCK_CAPTURE_AUTORELEASING = YES;
				CLANG_WARN_BOOL_CONVERSION = YES;
				CLANG_WARN_COMMA = YES;
				CLANG_WARN_CONSTANT_CONVERSION = YES;
				CLANG_WARN_DIRECT_OBJC_ISA_USAGE = YES_ERROR;
				CLANG_WARN_DOCUMENTATION_COMMENTS = YES;
				CLANG_WARN_EMPTY_BODY = YES;
				CLANG_WARN_ENUM_CONVERSION = YES;
				CLANG_WARN_INFINITE_RECURSION = YES;
				CLANG_WARN_INT_CONVERSION = YES;
				CLANG_WARN_NON_LITERAL_NULL_CONVERSION = YES;
				CLANG_WARN_OBJC_LITERAL_CONVERSION = YES;
				CLANG_WARN_OBJC_ROOT_CLASS = YES_ERROR;
				CLANG_WARN_RANGE_LOOP_ANALYSIS = YES;
				CLANG_WARN_STRICT_PROTOTYPES = YES;
				CLANG_WARN_SUSPICIOUS_MOVE = YES;
				CLANG_WARN_UNGUARDED_AVAILABILITY = YES_AGGRESSIVE;
				CLANG_WARN_UNREACHABLE_CODE = YES;
				CLANG_WARN__DUPLICATE_METHOD_MATCH = YES;
				CODE_SIGN_IDENTITY = "iPhone Developer";
				COPY_PHASE_STRIP = NO;
				DEBUG_INFORMATION_FORMAT = "dwarf-with-dsym";
				ENABLE_BITCODE = NO;
				ENABLE_NS_ASSERTIONS = NO;
				ENABLE_STRICT_OBJC_MSGSEND = YES;
				GCC_C_LANGUAGE_STANDARD = gnu11;
				GCC_NO_COMMON_BLOCKS = YES;
				GCC_WARN_64_TO_32_BIT_CONVERSION = YES;
				GCC_WARN_ABOUT_RETURN_TYPE = YES_ERROR;
				GCC_WARN_UNDECLARED_SELECTOR = YES;
				GCC_WARN_UNINITIALIZED_AUTOS = YES_AGGRESSIVE;
				GCC_WARN_UNUSED_FUNCTION = YES;
				GCC_WARN_UNUSED_VARIABLE = YES;
				IPHONEOS_DEPLOYMENT_TARGET = 11.2;
				MTL_ENABLE_DEBUG_INFO = NO;
				SDKROOT = iphoneos;
				SWIFT_OPTIMIZATION_LEVEL = "-Owholemodule";
				VALIDATE_PRODUCT = YES;
			};
			name = Release;
		};
		2DEDE7C12045582A00B0366A /* Debug */ = {
			isa = XCBuildConfiguration;
			baseConfigurationReference = 6DEB91F0A122F0BFF085EA24 /* Pods-PaytmDemo.debug.xcconfig */;
			buildSettings = {
				ASSETCATALOG_COMPILER_APPICON_NAME = AppIcon;
				CLANG_ENABLE_MODULES = YES;
				CODE_SIGN_STYLE = Automatic;
				DEVELOPMENT_TEAM = 3NWJFVU6RP;
				ENABLE_BITCODE = NO;
				INFOPLIST_FILE = PaytmDemo/Info.plist;
				LD_RUNPATH_SEARCH_PATHS = "$(inherited) @executable_path/Frameworks";
				PRODUCT_BUNDLE_IDENTIFIER = com.app.PaytmDemo;
				PRODUCT_NAME = "$(TARGET_NAME)";
				SWIFT_OBJC_BRIDGING_HEADER = "PaytmDemo/PaytmDemo-Bridging-Header.h";
				SWIFT_OPTIMIZATION_LEVEL = "-Onone";
				SWIFT_VERSION = 4.0;
				TARGETED_DEVICE_FAMILY = "1,2";
			};
			name = Debug;
		};
		2DEDE7C22045582A00B0366A /* Release */ = {
			isa = XCBuildConfiguration;
			baseConfigurationReference = A142BB0C7EE035C11CA97041 /* Pods-PaytmDemo.release.xcconfig */;
			buildSettings = {
				ASSETCATALOG_COMPILER_APPICON_NAME = AppIcon;
				CLANG_ENABLE_MODULES = YES;
				CODE_SIGN_STYLE = Automatic;
				DEVELOPMENT_TEAM = 3NWJFVU6RP;
				ENABLE_BITCODE = NO;
				INFOPLIST_FILE = PaytmDemo/Info.plist;
				LD_RUNPATH_SEARCH_PATHS = "$(inherited) @executable_path/Frameworks";
				PRODUCT_BUNDLE_IDENTIFIER = com.app.PaytmDemo;
				PRODUCT_NAME = "$(TARGET_NAME)";
				SWIFT_OBJC_BRIDGING_HEADER = "PaytmDemo/PaytmDemo-Bridging-Header.h";
				SWIFT_VERSION = 4.0;
				TARGETED_DEVICE_FAMILY = "1,2";
			};
			name = Release;
		};
		2DEDE7C42045582A00B0366A /* Debug */ = {
			isa = XCBuildConfiguration;
			baseConfigurationReference = D25D7F85B52D96E90C2A0322 /* Pods-PaytmDemoTests.debug.xcconfig */;
			buildSettings = {
				ALWAYS_EMBED_SWIFT_STANDARD_LIBRARIES = YES;
				BUNDLE_LOADER = "$(TEST_HOST)";
				CODE_SIGN_STYLE = Automatic;
				DEVELOPMENT_TEAM = 3NWJFVU6RP;
				INFOPLIST_FILE = PaytmDemoTests/Info.plist;
				LD_RUNPATH_SEARCH_PATHS = "$(inherited) @executable_path/Frameworks @loader_path/Frameworks";
				PRODUCT_BUNDLE_IDENTIFIER = com.app.PaytmDemoTests;
				PRODUCT_NAME = "$(TARGET_NAME)";
				SWIFT_VERSION = 4.0;
				TARGETED_DEVICE_FAMILY = "1,2";
				TEST_HOST = "$(BUILT_PRODUCTS_DIR)/PaytmDemo.app/PaytmDemo";
			};
			name = Debug;
		};
		2DEDE7C52045582A00B0366A /* Release */ = {
			isa = XCBuildConfiguration;
			baseConfigurationReference = 4CB31C4C79374F71DF1D944B /* Pods-PaytmDemoTests.release.xcconfig */;
			buildSettings = {
				ALWAYS_EMBED_SWIFT_STANDARD_LIBRARIES = YES;
				BUNDLE_LOADER = "$(TEST_HOST)";
				CODE_SIGN_STYLE = Automatic;
				DEVELOPMENT_TEAM = 3NWJFVU6RP;
				INFOPLIST_FILE = PaytmDemoTests/Info.plist;
				LD_RUNPATH_SEARCH_PATHS = "$(inherited) @executable_path/Frameworks @loader_path/Frameworks";
				PRODUCT_BUNDLE_IDENTIFIER = com.app.PaytmDemoTests;
				PRODUCT_NAME = "$(TARGET_NAME)";
				SWIFT_VERSION = 4.0;
				TARGETED_DEVICE_FAMILY = "1,2";
				TEST_HOST = "$(BUILT_PRODUCTS_DIR)/PaytmDemo.app/PaytmDemo";
			};
			name = Release;
		};
		2DEDE7C72045582A00B0366A /* Debug */ = {
			isa = XCBuildConfiguration;
			baseConfigurationReference = FC807CD55D973E4F467C3F2B /* Pods-PaytmDemoUITests.debug.xcconfig */;
			buildSettings = {
				ALWAYS_EMBED_SWIFT_STANDARD_LIBRARIES = YES;
				CODE_SIGN_STYLE = Automatic;
				DEVELOPMENT_TEAM = 3NWJFVU6RP;
				INFOPLIST_FILE = PaytmDemoUITests/Info.plist;
				LD_RUNPATH_SEARCH_PATHS = "$(inherited) @executable_path/Frameworks @loader_path/Frameworks";
				PRODUCT_BUNDLE_IDENTIFIER = com.app.PaytmDemoUITests;
				PRODUCT_NAME = "$(TARGET_NAME)";
				SWIFT_VERSION = 4.0;
				TARGETED_DEVICE_FAMILY = "1,2";
				TEST_TARGET_NAME = PaytmDemo;
			};
			name = Debug;
		};
		2DEDE7C82045582A00B0366A /* Release */ = {
			isa = XCBuildConfiguration;
			baseConfigurationReference = 94D3D8A32CAB70122EC82019 /* Pods-PaytmDemoUITests.release.xcconfig */;
			buildSettings = {
				ALWAYS_EMBED_SWIFT_STANDARD_LIBRARIES = YES;
				CODE_SIGN_STYLE = Automatic;
				DEVELOPMENT_TEAM = 3NWJFVU6RP;
				INFOPLIST_FILE = PaytmDemoUITests/Info.plist;
				LD_RUNPATH_SEARCH_PATHS = "$(inherited) @executable_path/Frameworks @loader_path/Frameworks";
				PRODUCT_BUNDLE_IDENTIFIER = com.app.PaytmDemoUITests;
				PRODUCT_NAME = "$(TARGET_NAME)";
				SWIFT_VERSION = 4.0;
				TARGETED_DEVICE_FAMILY = "1,2";
				TEST_TARGET_NAME = PaytmDemo;
			};
			name = Release;
		};
/* End XCBuildConfiguration section */

/* Begin XCConfigurationList section */
		2DEDE7932045582A00B0366A /* Build configuration list for PBXProject "PaytmDemo" */ = {
			isa = XCConfigurationList;
			buildConfigurations = (
				2DEDE7BE2045582A00B0366A /* Debug */,
				2DEDE7BF2045582A00B0366A /* Release */,
			);
			defaultConfigurationIsVisible = 0;
			defaultConfigurationName = Release;
		};
		2DEDE7C02045582A00B0366A /* Build configuration list for PBXNativeTarget "PaytmDemo" */ = {
			isa = XCConfigurationList;
			buildConfigurations = (
				2DEDE7C12045582A00B0366A /* Debug */,
				2DEDE7C22045582A00B0366A /* Release */,
			);
			defaultConfigurationIsVisible = 0;
			defaultConfigurationName = Release;
		};
		2DEDE7C32045582A00B0366A /* Build configuration list for PBXNativeTarget "PaytmDemoTests" */ = {
			isa = XCConfigurationList;
			buildConfigurations = (
				2DEDE7C42045582A00B0366A /* Debug */,
				2DEDE7C52045582A00B0366A /* Release */,
			);
			defaultConfigurationIsVisible = 0;
			defaultConfigurationName = Release;
		};
		2DEDE7C62045582A00B0366A /* Build configuration list for PBXNativeTarget "PaytmDemoUITests" */ = {
			isa = XCConfigurationList;
			buildConfigurations = (
				2DEDE7C72045582A00B0366A /* Debug */,
				2DEDE7C82045582A00B0366A /* Release */,
			);
			defaultConfigurationIsVisible = 0;
			defaultConfigurationName = Release;
		};
/* End XCConfigurationList section */
	};
	rootObject = 2DEDE7902045582A00B0366A /* Project object */;
}
